
Microsoft Visual Studio Solution File, Format Version 12.00
# Visual Studio Version 16
VisualStudioVersion = 16.0.29709.97
MinimumVisualStudioVersion = 10.0.40219.1
Project("{FAE04EC0-301F-11D3-BF4B-00C04F79EFBC}") = "Convenor.ConsoleApp", "Convenor.ConsoleApp\Convenor.ConsoleApp.csproj", "{303920E5-4AC1-40C1-B52D-3F8FEFBF1540}"
EndProject
Global
	GlobalSection(SolutionConfigurationPlatforms) = preSolution
		Debug|Any CPU = Debug|Any CPU
		Release|Any CPU = Release|Any CPU
	EndGlobalSection
	GlobalSection(ProjectConfigurationPlatforms) = postSolution
		{303920E5-4AC1-40C1-B52D-3F8FEFBF1540}.Debug|Any CPU.ActiveCfg = Debug|Any CPU
		{303920E5-4AC1-40C1-B52D-3F8FEFBF1540}.Debug|Any CPU.Build.0 = Debug|Any CPU
		{303920E5-4AC1-40C1-B52D-3F8FEFBF1540}.Release|Any CPU.ActiveCfg = Release|Any CPU
		{303920E5-4AC1-40C1-B52D-3F8FEFBF1540}.Release|Any CPU.Build.0 = Release|Any CPU
	EndGlobalSection
	GlobalSection(SolutionProperties) = preSolution
		HideSolutionNode = FALSE
	EndGlobalSection
	GlobalSection(ExtensibilityGlobals) = postSolution
		SolutionGuid = {3AB85A59-6FF6-4ABA-B962-FA6E590A554C}
	EndGlobalSection
EndGlobal
